
Microsoft Visual Studio Solution File, Format Version 12.00
# Visual Studio Version 17
VisualStudioVersion = 17.0.31912.275
MinimumVisualStudioVersion = 10.0.40219.1
Project("{2150E333-8FDC-42A3-9474-1A3956D46DE8}") = "src", "src", "{D1F4C390-7448-451A-B35D-E80384ED2B4D}"
EndProject
Project("{2150E333-8FDC-42A3-9474-1A3956D46DE8}") = "01.Core", "01.Core", "{9624DEA2-AE3D-4B04-9AB7-F52AC607C4ED}"
EndProject
Project("{9A19103F-16F7-4668-BE54-9A1E7A4F7556}") = "Domain", "src\01.Core\Domain\Domain.csproj", "{1683AEA4-4B2E-4711-AE75-E850741098C7}"
EndProject
Project("{2150E333-8FDC-42A3-9474-1A3956D46DE8}") = "02.Infrastructure", "02.Infrastructure", "{AF263896-0262-4A80-921A-5F321B5A07A9}"
EndProject
Project("{9A19103F-16F7-4668-BE54-9A1E7A4F7556}") = "Infrastructure", "src\02.Infrastructure\Infrastructure\Infrastructure.csproj", "{10D05AC2-4CF6-4911-A34F-805902690070}"
EndProject
Project("{2150E333-8FDC-42A3-9474-1A3956D46DE8}") = "03.Persistence", "03.Persistence", "{0D5B4F37-1F2D-4927-9A48-83D261083B26}"
EndProject
Project("{9A19103F-16F7-4668-BE54-9A1E7A4F7556}") = "Persistence.Ef", "src\03.Persistence\Persistence.Ef\Persistence.Ef.csproj", "{3F13EB30-AE6F-4C57-B19F-7F60AC71A49D}"
EndProject
Project("{2150E333-8FDC-42A3-9474-1A3956D46DE8}") = "00.Framework", "00.Framework", "{89C44C0E-57C1-4321-8FDB-C40323AFFB04}"
EndProject
Project("{2150E333-8FDC-42A3-9474-1A3956D46DE8}") = "04.EndPoints", "04.EndPoints", "{F1C61763-ED79-40C0-99AD-1AFB1B244E82}"
EndProject
Project("{9A19103F-16F7-4668-BE54-9A1E7A4F7556}") = "RestApi", "src\04.EndPoints\RestApi\RestApi.csproj", "{C097ADF9-EA6A-4876-A4FF-863658DCF32D}"
EndProject
Project("{9A19103F-16F7-4668-BE54-9A1E7A4F7556}") = "WebMvc", "src\04.EndPoints\WebMvc\WebMvc.csproj", "{1DABB830-E070-4A2A-9F35-56A1E99CFDFA}"
EndProject
Project("{FAE04EC0-301F-11D3-BF4B-00C04F79EFBC}") = "Services", "src\01.Core\Services\Services.csproj", "{1C280773-9BC8-421D-B168-3F23F84B6329}"
EndProject
Project("{FAE04EC0-301F-11D3-BF4B-00C04F79EFBC}") = "Queries", "src\01.Core\Queries\Queries.csproj", "{F282AFC0-0768-4DDB-A85A-9EA5E69BACCA}"
EndProject
Project("{FAE04EC0-301F-11D3-BF4B-00C04F79EFBC}") = "Framework.Contracts", "src\00.Framework\Framework.Contracts\Framework.Contracts.csproj", "{DA406014-5490-4ECF-9216-A094874E0030}"
EndProject
Project("{FAE04EC0-301F-11D3-BF4B-00C04F79EFBC}") = "Presentation.Configs", "src\04.EndPoints\Presentation.Configs\Presentation.Configs.csproj", "{502D5F09-CC8C-4226-8F5C-D37A36B7712B}"
EndProject
Global
	GlobalSection(SolutionConfigurationPlatforms) = preSolution
		Debug|Any CPU = Debug|Any CPU
		Release|Any CPU = Release|Any CPU
	EndGlobalSection
	GlobalSection(ProjectConfigurationPlatforms) = postSolution
		{1683AEA4-4B2E-4711-AE75-E850741098C7}.Debug|Any CPU.ActiveCfg = Debug|Any CPU
		{1683AEA4-4B2E-4711-AE75-E850741098C7}.Debug|Any CPU.Build.0 = Debug|Any CPU
		{1683AEA4-4B2E-4711-AE75-E850741098C7}.Release|Any CPU.ActiveCfg = Release|Any CPU
		{1683AEA4-4B2E-4711-AE75-E850741098C7}.Release|Any CPU.Build.0 = Release|Any CPU
		{10D05AC2-4CF6-4911-A34F-805902690070}.Debug|Any CPU.ActiveCfg = Debug|Any CPU
		{10D05AC2-4CF6-4911-A34F-805902690070}.Debug|Any CPU.Build.0 = Debug|Any CPU
		{10D05AC2-4CF6-4911-A34F-805902690070}.Release|Any CPU.ActiveCfg = Release|Any CPU
		{10D05AC2-4CF6-4911-A34F-805902690070}.Release|Any CPU.Build.0 = Release|Any CPU
		{3F13EB30-AE6F-4C57-B19F-7F60AC71A49D}.Debug|Any CPU.ActiveCfg = Debug|Any CPU
		{3F13EB30-AE6F-4C57-B19F-7F60AC71A49D}.Debug|Any CPU.Build.0 = Debug|Any CPU
		{3F13EB30-AE6F-4C57-B19F-7F60AC71A49D}.Release|Any CPU.ActiveCfg = Release|Any CPU
		{3F13EB30-AE6F-4C57-B19F-7F60AC71A49D}.Release|Any CPU.Build.0 = Release|Any CPU
		{C097ADF9-EA6A-4876-A4FF-863658DCF32D}.Debug|Any CPU.ActiveCfg = Debug|Any CPU
		{C097ADF9-EA6A-4876-A4FF-863658DCF32D}.Debug|Any CPU.Build.0 = Debug|Any CPU
		{C097ADF9-EA6A-4876-A4FF-863658DCF32D}.Release|Any CPU.ActiveCfg = Release|Any CPU
		{C097ADF9-EA6A-4876-A4FF-863658DCF32D}.Release|Any CPU.Build.0 = Release|Any CPU
		{1DABB830-E070-4A2A-9F35-56A1E99CFDFA}.Debug|Any CPU.ActiveCfg = Debug|Any CPU
		{1DABB830-E070-4A2A-9F35-56A1E99CFDFA}.Debug|Any CPU.Build.0 = Debug|Any CPU
		{1DABB830-E070-4A2A-9F35-56A1E99CFDFA}.Release|Any CPU.ActiveCfg = Release|Any CPU
		{1DABB830-E070-4A2A-9F35-56A1E99CFDFA}.Release|Any CPU.Build.0 = Release|Any CPU
		{1C280773-9BC8-421D-B168-3F23F84B6329}.Debug|Any CPU.ActiveCfg = Debug|Any CPU
		{1C280773-9BC8-421D-B168-3F23F84B6329}.Debug|Any CPU.Build.0 = Debug|Any CPU
		{1C280773-9BC8-421D-B168-3F23F84B6329}.Release|Any CPU.ActiveCfg = Release|Any CPU
		{1C280773-9BC8-421D-B168-3F23F84B6329}.Release|Any CPU.Build.0 = Release|Any CPU
		{F282AFC0-0768-4DDB-A85A-9EA5E69BACCA}.Debug|Any CPU.ActiveCfg = Debug|Any CPU
		{F282AFC0-0768-4DDB-A85A-9EA5E69BACCA}.Debug|Any CPU.Build.0 = Debug|Any CPU
		{F282AFC0-0768-4DDB-A85A-9EA5E69BACCA}.Release|Any CPU.ActiveCfg = Release|Any CPU
		{F282AFC0-0768-4DDB-A85A-9EA5E69BACCA}.Release|Any CPU.Build.0 = Release|Any CPU
		{DA406014-5490-4ECF-9216-A094874E0030}.Debug|Any CPU.ActiveCfg = Debug|Any CPU
		{DA406014-5490-4ECF-9216-A094874E0030}.Debug|Any CPU.Build.0 = Debug|Any CPU
		{DA406014-5490-4ECF-9216-A094874E0030}.Release|Any CPU.ActiveCfg = Release|Any CPU
		{DA406014-5490-4ECF-9216-A094874E0030}.Release|Any CPU.Build.0 = Release|Any CPU
		{502D5F09-CC8C-4226-8F5C-D37A36B7712B}.Debug|Any CPU.ActiveCfg = Debug|Any CPU
		{502D5F09-CC8C-4226-8F5C-D37A36B7712B}.Debug|Any CPU.Build.0 = Debug|Any CPU
		{502D5F09-CC8C-4226-8F5C-D37A36B7712B}.Release|Any CPU.ActiveCfg = Release|Any CPU
		{502D5F09-CC8C-4226-8F5C-D37A36B7712B}.Release|Any CPU.Build.0 = Release|Any CPU
	EndGlobalSection
	GlobalSection(SolutionProperties) = preSolution
		HideSolutionNode = FALSE
	EndGlobalSection
	GlobalSection(NestedProjects) = preSolution
		{9624DEA2-AE3D-4B04-9AB7-F52AC607C4ED} = {D1F4C390-7448-451A-B35D-E80384ED2B4D}
		{1683AEA4-4B2E-4711-AE75-E850741098C7} = {9624DEA2-AE3D-4B04-9AB7-F52AC607C4ED}
		{AF263896-0262-4A80-921A-5F321B5A07A9} = {D1F4C390-7448-451A-B35D-E80384ED2B4D}
		{10D05AC2-4CF6-4911-A34F-805902690070} = {AF263896-0262-4A80-921A-5F321B5A07A9}
		{0D5B4F37-1F2D-4927-9A48-83D261083B26} = {D1F4C390-7448-451A-B35D-E80384ED2B4D}
		{3F13EB30-AE6F-4C57-B19F-7F60AC71A49D} = {0D5B4F37-1F2D-4927-9A48-83D261083B26}
		{89C44C0E-57C1-4321-8FDB-C40323AFFB04} = {D1F4C390-7448-451A-B35D-E80384ED2B4D}
		{F1C61763-ED79-40C0-99AD-1AFB1B244E82} = {D1F4C390-7448-451A-B35D-E80384ED2B4D}
		{C097ADF9-EA6A-4876-A4FF-863658DCF32D} = {F1C61763-ED79-40C0-99AD-1AFB1B244E82}
		{1DABB830-E070-4A2A-9F35-56A1E99CFDFA} = {F1C61763-ED79-40C0-99AD-1AFB1B244E82}
		{1C280773-9BC8-421D-B168-3F23F84B6329} = {9624DEA2-AE3D-4B04-9AB7-F52AC607C4ED}
		{F282AFC0-0768-4DDB-A85A-9EA5E69BACCA} = {9624DEA2-AE3D-4B04-9AB7-F52AC607C4ED}
		{DA406014-5490-4ECF-9216-A094874E0030} = {89C44C0E-57C1-4321-8FDB-C40323AFFB04}
		{502D5F09-CC8C-4226-8F5C-D37A36B7712B} = {F1C61763-ED79-40C0-99AD-1AFB1B244E82}
	EndGlobalSection
	GlobalSection(ExtensibilityGlobals) = postSolution
		SolutionGuid = {3288C365-1725-41ED-BDA4-C8A805E32567}
	EndGlobalSection
EndGlobal
